// !$*UTF8*$!
{
	archiveVersion = 1;
	classes = {
	};
	objectVersion = 50;
	objects = {

/* Begin PBXBuildFile section */
		0AF9256DDAB4F814C32DD6D6 /* Pods_Grocery_List_ProUITests.framework in Frameworks */ = {isa = PBXBuildFile; fileRef = F44EF7F43F70BD14413FA345 /* Pods_Grocery_List_ProUITests.framework */; };
		25900B98881E9C3178ACCCE8 /* Pods_Grocery_List_ProTests.framework in Frameworks */ = {isa = PBXBuildFile; fileRef = D8E7AA6B02441525DBCA8B0B /* Pods_Grocery_List_ProTests.framework */; };
		A0B8A4F720F8029A00769B09 /* AppDelegate.swift in Sources */ = {isa = PBXBuildFile; fileRef = A0B8A4F620F8029A00769B09 /* AppDelegate.swift */; };
		A0B8A4FC20F8029A00769B09 /* Main.storyboard in Resources */ = {isa = PBXBuildFile; fileRef = A0B8A4FA20F8029A00769B09 /* Main.storyboard */; };
		A0B8A4FE20F8029C00769B09 /* Assets.xcassets in Resources */ = {isa = PBXBuildFile; fileRef = A0B8A4FD20F8029C00769B09 /* Assets.xcassets */; };
		A0B8A50120F8029C00769B09 /* LaunchScreen.storyboard in Resources */ = {isa = PBXBuildFile; fileRef = A0B8A4FF20F8029C00769B09 /* LaunchScreen.storyboard */; };
		A0B8A50C20F8029C00769B09 /* Grocery_List_ProTests.swift in Sources */ = {isa = PBXBuildFile; fileRef = A0B8A50B20F8029C00769B09 /* Grocery_List_ProTests.swift */; };
		A0B8A51720F8029C00769B09 /* Grocery_List_ProUITests.swift in Sources */ = {isa = PBXBuildFile; fileRef = A0B8A51620F8029C00769B09 /* Grocery_List_ProUITests.swift */; };
		A0B8A52520F802DC00769B09 /* GoogleService-Info.plist in Resources */ = {isa = PBXBuildFile; fileRef = A0B8A52420F802DC00769B09 /* GoogleService-Info.plist */; };
		A0DAF05920F82C03007E55B8 /* GroceryLists-TableViewController.swift in Sources */ = {isa = PBXBuildFile; fileRef = A0DAF05820F82C03007E55B8 /* GroceryLists-TableViewController.swift */; };
		A0DAF05B20F82CFD007E55B8 /* User.swift in Sources */ = {isa = PBXBuildFile; fileRef = A0DAF05A20F82CFD007E55B8 /* User.swift */; };
		A0DAF05D20F83B95007E55B8 /* Grocery List.swift in Sources */ = {isa = PBXBuildFile; fileRef = A0DAF05C20F83B94007E55B8 /* Grocery List.swift */; };
		ABA0F9CFD8A981719C88973F /* Pods_Grocery_List_Pro.framework in Frameworks */ = {isa = PBXBuildFile; fileRef = 97F48E4BFFB4CE2A6AB30919 /* Pods_Grocery_List_Pro.framework */; };
/* End PBXBuildFile section */

/* Begin PBXContainerItemProxy section */
		A0B8A50820F8029C00769B09 /* PBXContainerItemProxy */ = {
			isa = PBXContainerItemProxy;
			containerPortal = A0B8A4EB20F8029A00769B09 /* Project object */;
			proxyType = 1;
			remoteGlobalIDString = A0B8A4F220F8029A00769B09;
			remoteInfo = "Grocery List Pro";
		};
		A0B8A51320F8029C00769B09 /* PBXContainerItemProxy */ = {
			isa = PBXContainerItemProxy;
			containerPortal = A0B8A4EB20F8029A00769B09 /* Project object */;
			proxyType = 1;
			remoteGlobalIDString = A0B8A4F220F8029A00769B09;
			remoteInfo = "Grocery List Pro";
		};
/* End PBXContainerItemProxy section */

/* Begin PBXFileReference section */
		0DB79328C70C03632B2DE82E /* Pods-Grocery List ProUITests.release.xcconfig */ = {isa = PBXFileReference; includeInIndex = 1; lastKnownFileType = text.xcconfig; name = "Pods-Grocery List ProUITests.release.xcconfig"; path = "Pods/Target Support Files/Pods-Grocery List ProUITests/Pods-Grocery List ProUITests.release.xcconfig"; sourceTree = "<group>"; };
		68405DE47A21A906D4C5C8B2 /* Pods-Grocery List ProTests.release.xcconfig */ = {isa = PBXFileReference; includeInIndex = 1; lastKnownFileType = text.xcconfig; name = "Pods-Grocery List ProTests.release.xcconfig"; path = "Pods/Target Support Files/Pods-Grocery List ProTests/Pods-Grocery List ProTests.release.xcconfig"; sourceTree = "<group>"; };
		716F9A2DDFDAF96D6EF8F667 /* Pods-Grocery List Pro.release.xcconfig */ = {isa = PBXFileReference; includeInIndex = 1; lastKnownFileType = text.xcconfig; name = "Pods-Grocery List Pro.release.xcconfig"; path = "Pods/Target Support Files/Pods-Grocery List Pro/Pods-Grocery List Pro.release.xcconfig"; sourceTree = "<group>"; };
		9517525BF99FD1DEDCEF1ABB /* Pods-Grocery List Pro.debug.xcconfig */ = {isa = PBXFileReference; includeInIndex = 1; lastKnownFileType = text.xcconfig; name = "Pods-Grocery List Pro.debug.xcconfig"; path = "Pods/Target Support Files/Pods-Grocery List Pro/Pods-Grocery List Pro.debug.xcconfig"; sourceTree = "<group>"; };
		97F48E4BFFB4CE2A6AB30919 /* Pods_Grocery_List_Pro.framework */ = {isa = PBXFileReference; explicitFileType = wrapper.framework; includeInIndex = 0; path = Pods_Grocery_List_Pro.framework; sourceTree = BUILT_PRODUCTS_DIR; };
		A0B8A4F320F8029A00769B09 /* Grocery List Pro.app */ = {isa = PBXFileReference; explicitFileType = wrapper.application; includeInIndex = 0; path = "Grocery List Pro.app"; sourceTree = BUILT_PRODUCTS_DIR; };
		A0B8A4F620F8029A00769B09 /* AppDelegate.swift */ = {isa = PBXFileReference; lastKnownFileType = sourcecode.swift; path = AppDelegate.swift; sourceTree = "<group>"; };
		A0B8A4FB20F8029A00769B09 /* Base */ = {isa = PBXFileReference; lastKnownFileType = file.storyboard; name = Base; path = Base.lproj/Main.storyboard; sourceTree = "<group>"; };
		A0B8A4FD20F8029C00769B09 /* Assets.xcassets */ = {isa = PBXFileReference; lastKnownFileType = folder.assetcatalog; path = Assets.xcassets; sourceTree = "<group>"; };
		A0B8A50020F8029C00769B09 /* Base */ = {isa = PBXFileReference; lastKnownFileType = file.storyboard; name = Base; path = Base.lproj/LaunchScreen.storyboard; sourceTree = "<group>"; };
		A0B8A50220F8029C00769B09 /* Info.plist */ = {isa = PBXFileReference; lastKnownFileType = text.plist.xml; path = Info.plist; sourceTree = "<group>"; };
		A0B8A50720F8029C00769B09 /* Grocery List ProTests.xctest */ = {isa = PBXFileReference; explicitFileType = wrapper.cfbundle; includeInIndex = 0; path = "Grocery List ProTests.xctest"; sourceTree = BUILT_PRODUCTS_DIR; };
		A0B8A50B20F8029C00769B09 /* Grocery_List_ProTests.swift */ = {isa = PBXFileReference; lastKnownFileType = sourcecode.swift; path = Grocery_List_ProTests.swift; sourceTree = "<group>"; };
		A0B8A50D20F8029C00769B09 /* Info.plist */ = {isa = PBXFileReference; lastKnownFileType = text.plist.xml; path = Info.plist; sourceTree = "<group>"; };
		A0B8A51220F8029C00769B09 /* Grocery List ProUITests.xctest */ = {isa = PBXFileReference; explicitFileType = wrapper.cfbundle; includeInIndex = 0; path = "Grocery List ProUITests.xctest"; sourceTree = BUILT_PRODUCTS_DIR; };
		A0B8A51620F8029C00769B09 /* Grocery_List_ProUITests.swift */ = {isa = PBXFileReference; lastKnownFileType = sourcecode.swift; path = Grocery_List_ProUITests.swift; sourceTree = "<group>"; };
		A0B8A51820F8029C00769B09 /* Info.plist */ = {isa = PBXFileReference; lastKnownFileType = text.plist.xml; path = Info.plist; sourceTree = "<group>"; };
		A0B8A52420F802DC00769B09 /* GoogleService-Info.plist */ = {isa = PBXFileReference; fileEncoding = 4; lastKnownFileType = text.plist.xml; path = "GoogleService-Info.plist"; sourceTree = "<group>"; };
		A0DAF05820F82C03007E55B8 /* GroceryLists-TableViewController.swift */ = {isa = PBXFileReference; lastKnownFileType = sourcecode.swift; name = "GroceryLists-TableViewController.swift"; path = "/Users/emmett/GroceryListPro/Grocery List Pro/Grocery List Pro/GroceryLists-TableViewController.swift"; sourceTree = "<absolute>"; };
		A0DAF05A20F82CFD007E55B8 /* User.swift */ = {isa = PBXFileReference; lastKnownFileType = sourcecode.swift; path = User.swift; sourceTree = "<group>"; };
		A0DAF05C20F83B94007E55B8 /* Grocery List.swift */ = {isa = PBXFileReference; lastKnownFileType = sourcecode.swift; path = "Grocery List.swift"; sourceTree = "<group>"; };
		C93852A885E183C22BA46387 /* Pods-Grocery List ProTests.debug.xcconfig */ = {isa = PBXFileReference; includeInIndex = 1; lastKnownFileType = text.xcconfig; name = "Pods-Grocery List ProTests.debug.xcconfig"; path = "Pods/Target Support Files/Pods-Grocery List ProTests/Pods-Grocery List ProTests.debug.xcconfig"; sourceTree = "<group>"; };
		D8E7AA6B02441525DBCA8B0B /* Pods_Grocery_List_ProTests.framework */ = {isa = PBXFileReference; explicitFileType = wrapper.framework; includeInIndex = 0; path = Pods_Grocery_List_ProTests.framework; sourceTree = BUILT_PRODUCTS_DIR; };
		F44EF7F43F70BD14413FA345 /* Pods_Grocery_List_ProUITests.framework */ = {isa = PBXFileReference; explicitFileType = wrapper.framework; includeInIndex = 0; path = Pods_Grocery_List_ProUITests.framework; sourceTree = BUILT_PRODUCTS_DIR; };
		FA0511CC27F8F79906823E84 /* Pods-Grocery List ProUITests.debug.xcconfig */ = {isa = PBXFileReference; includeInIndex = 1; lastKnownFileType = text.xcconfig; name = "Pods-Grocery List ProUITests.debug.xcconfig"; path = "Pods/Target Support Files/Pods-Grocery List ProUITests/Pods-Grocery List ProUITests.debug.xcconfig"; sourceTree = "<group>"; };
/* End PBXFileReference section */

/* Begin PBXFrameworksBuildPhase section */
		A0B8A4F020F8029A00769B09 /* Frameworks */ = {
			isa = PBXFrameworksBuildPhase;
			buildActionMask = 2147483647;
			files = (
				ABA0F9CFD8A981719C88973F /* Pods_Grocery_List_Pro.framework in Frameworks */,
			);
			runOnlyForDeploymentPostprocessing = 0;
		};
		A0B8A50420F8029C00769B09 /* Frameworks */ = {
			isa = PBXFrameworksBuildPhase;
			buildActionMask = 2147483647;
			files = (
				25900B98881E9C3178ACCCE8 /* Pods_Grocery_List_ProTests.framework in Frameworks */,
			);
			runOnlyForDeploymentPostprocessing = 0;
		};
		A0B8A50F20F8029C00769B09 /* Frameworks */ = {
			isa = PBXFrameworksBuildPhase;
			buildActionMask = 2147483647;
			files = (
				0AF9256DDAB4F814C32DD6D6 /* Pods_Grocery_List_ProUITests.framework in Frameworks */,
			);
			runOnlyForDeploymentPostprocessing = 0;
		};
/* End PBXFrameworksBuildPhase section */

/* Begin PBXGroup section */
		7AF09D3090C17CE1975EE25C /* Pods */ = {
			isa = PBXGroup;
			children = (
				9517525BF99FD1DEDCEF1ABB /* Pods-Grocery List Pro.debug.xcconfig */,
				716F9A2DDFDAF96D6EF8F667 /* Pods-Grocery List Pro.release.xcconfig */,
				C93852A885E183C22BA46387 /* Pods-Grocery List ProTests.debug.xcconfig */,
				68405DE47A21A906D4C5C8B2 /* Pods-Grocery List ProTests.release.xcconfig */,
				FA0511CC27F8F79906823E84 /* Pods-Grocery List ProUITests.debug.xcconfig */,
				0DB79328C70C03632B2DE82E /* Pods-Grocery List ProUITests.release.xcconfig */,
			);
			name = Pods;
			sourceTree = "<group>";
		};
		A0B8A4EA20F8029A00769B09 = {
			isa = PBXGroup;
			children = (
				A0B8A4F520F8029A00769B09 /* Grocery List Pro */,
				A0B8A50A20F8029C00769B09 /* Grocery List ProTests */,
				A0B8A51520F8029C00769B09 /* Grocery List ProUITests */,
				A0B8A4F420F8029A00769B09 /* Products */,
				7AF09D3090C17CE1975EE25C /* Pods */,
				BB7BBF520E0C1D7D4BA21CB5 /* Frameworks */,
			);
			sourceTree = "<group>";
		};
		A0B8A4F420F8029A00769B09 /* Products */ = {
			isa = PBXGroup;
			children = (
				A0B8A4F320F8029A00769B09 /* Grocery List Pro.app */,
				A0B8A50720F8029C00769B09 /* Grocery List ProTests.xctest */,
				A0B8A51220F8029C00769B09 /* Grocery List ProUITests.xctest */,
			);
			name = Products;
			sourceTree = "<group>";
		};
		A0B8A4F520F8029A00769B09 /* Grocery List Pro */ = {
			isa = PBXGroup;
			children = (
				A0B8A4F620F8029A00769B09 /* AppDelegate.swift */,
				A0DAF05820F82C03007E55B8 /* GroceryLists-TableViewController.swift */,
				A0DAF05E20F83F66007E55B8 /* Model */,
				A0B8A4FA20F8029A00769B09 /* Main.storyboard */,
				A0B8A4FD20F8029C00769B09 /* Assets.xcassets */,
				A0B8A4FF20F8029C00769B09 /* LaunchScreen.storyboard */,
				A0B8A52420F802DC00769B09 /* GoogleService-Info.plist */,
				A0B8A50220F8029C00769B09 /* Info.plist */,
			);
			path = "Grocery List Pro";
			sourceTree = "<group>";
		};
		A0B8A50A20F8029C00769B09 /* Grocery List ProTests */ = {
			isa = PBXGroup;
			children = (
				A0B8A50B20F8029C00769B09 /* Grocery_List_ProTests.swift */,
				A0B8A50D20F8029C00769B09 /* Info.plist */,
			);
			path = "Grocery List ProTests";
			sourceTree = "<group>";
		};
		A0B8A51520F8029C00769B09 /* Grocery List ProUITests */ = {
			isa = PBXGroup;
			children = (
				A0B8A51620F8029C00769B09 /* Grocery_List_ProUITests.swift */,
				A0B8A51820F8029C00769B09 /* Info.plist */,
			);
			path = "Grocery List ProUITests";
			sourceTree = "<group>";
		};
		A0DAF05E20F83F66007E55B8 /* Model */ = {
			isa = PBXGroup;
			children = (
				A0DAF05A20F82CFD007E55B8 /* User.swift */,
				A0DAF05C20F83B94007E55B8 /* Grocery List.swift */,
			);
			path = Model;
			sourceTree = "<group>";
		};
		BB7BBF520E0C1D7D4BA21CB5 /* Frameworks */ = {
			isa = PBXGroup;
			children = (
				97F48E4BFFB4CE2A6AB30919 /* Pods_Grocery_List_Pro.framework */,
				D8E7AA6B02441525DBCA8B0B /* Pods_Grocery_List_ProTests.framework */,
				F44EF7F43F70BD14413FA345 /* Pods_Grocery_List_ProUITests.framework */,
			);
			name = Frameworks;
			sourceTree = "<group>";
		};
/* End PBXGroup section */

/* Begin PBXNativeTarget section */
		A0B8A4F220F8029A00769B09 /* Grocery List Pro */ = {
			isa = PBXNativeTarget;
			buildConfigurationList = A0B8A51B20F8029C00769B09 /* Build configuration list for PBXNativeTarget "Grocery List Pro" */;
			buildPhases = (
				5F26D21326F1A310591E73F4 /* [CP] Check Pods Manifest.lock */,
				A0B8A4EF20F8029A00769B09 /* Sources */,
				A0B8A4F020F8029A00769B09 /* Frameworks */,
				A0B8A4F120F8029A00769B09 /* Resources */,
				294F467FC8E44205FC5CA742 /* [CP] Embed Pods Frameworks */,
			);
			buildRules = (
			);
			dependencies = (
			);
			name = "Grocery List Pro";
			productName = "Grocery List Pro";
			productReference = A0B8A4F320F8029A00769B09 /* Grocery List Pro.app */;
			productType = "com.apple.product-type.application";
		};
		A0B8A50620F8029C00769B09 /* Grocery List ProTests */ = {
			isa = PBXNativeTarget;
			buildConfigurationList = A0B8A51E20F8029C00769B09 /* Build configuration list for PBXNativeTarget "Grocery List ProTests" */;
			buildPhases = (
				316D34176F5FDBDFDBAC56BA /* [CP] Check Pods Manifest.lock */,
				A0B8A50320F8029C00769B09 /* Sources */,
				A0B8A50420F8029C00769B09 /* Frameworks */,
				A0B8A50520F8029C00769B09 /* Resources */,
			);
			buildRules = (
			);
			dependencies = (
				A0B8A50920F8029C00769B09 /* PBXTargetDependency */,
			);
			name = "Grocery List ProTests";
			productName = "Grocery List ProTests";
			productReference = A0B8A50720F8029C00769B09 /* Grocery List ProTests.xctest */;
			productType = "com.apple.product-type.bundle.unit-test";
		};
		A0B8A51120F8029C00769B09 /* Grocery List ProUITests */ = {
			isa = PBXNativeTarget;
			buildConfigurationList = A0B8A52120F8029C00769B09 /* Build configuration list for PBXNativeTarget "Grocery List ProUITests" */;
			buildPhases = (
				2FA33D34367F4853EF09EC6C /* [CP] Check Pods Manifest.lock */,
				A0B8A50E20F8029C00769B09 /* Sources */,
				A0B8A50F20F8029C00769B09 /* Frameworks */,
				A0B8A51020F8029C00769B09 /* Resources */,
			);
			buildRules = (
			);
			dependencies = (
				A0B8A51420F8029C00769B09 /* PBXTargetDependency */,
			);
			name = "Grocery List ProUITests";
			productName = "Grocery List ProUITests";
			productReference = A0B8A51220F8029C00769B09 /* Grocery List ProUITests.xctest */;
			productType = "com.apple.product-type.bundle.ui-testing";
		};
/* End PBXNativeTarget section */

/* Begin PBXProject section */
		A0B8A4EB20F8029A00769B09 /* Project object */ = {
			isa = PBXProject;
			attributes = {
				LastSwiftUpdateCheck = 0940;
				LastUpgradeCheck = 0940;
				ORGANIZATIONNAME = "Emmett Shaughnessy";
				TargetAttributes = {
					A0B8A4F220F8029A00769B09 = {
						CreatedOnToolsVersion = 9.4.1;
					};
					A0B8A50620F8029C00769B09 = {
						CreatedOnToolsVersion = 9.4.1;
						TestTargetID = A0B8A4F220F8029A00769B09;
					};
					A0B8A51120F8029C00769B09 = {
						CreatedOnToolsVersion = 9.4.1;
						TestTargetID = A0B8A4F220F8029A00769B09;
					};
				};
			};
			buildConfigurationList = A0B8A4EE20F8029A00769B09 /* Build configuration list for PBXProject "Grocery List Pro" */;
			compatibilityVersion = "Xcode 9.3";
			developmentRegion = en;
			hasScannedForEncodings = 0;
			knownRegions = (
				en,
				Base,
			);
			mainGroup = A0B8A4EA20F8029A00769B09;
			productRefGroup = A0B8A4F420F8029A00769B09 /* Products */;
			projectDirPath = "";
			projectRoot = "";
			targets = (
				A0B8A4F220F8029A00769B09 /* Grocery List Pro */,
				A0B8A50620F8029C00769B09 /* Grocery List ProTests */,
				A0B8A51120F8029C00769B09 /* Grocery List ProUITests */,
			);
		};
/* End PBXProject section */

/* Begin PBXResourcesBuildPhase section */
		A0B8A4F120F8029A00769B09 /* Resources */ = {
			isa = PBXResourcesBuildPhase;
			buildActionMask = 2147483647;
			files = (
				A0B8A50120F8029C00769B09 /* LaunchScreen.storyboard in Resources */,
				A0B8A52520F802DC00769B09 /* GoogleService-Info.plist in Resources */,
				A0B8A4FE20F8029C00769B09 /* Assets.xcassets in Resources */,
				A0B8A4FC20F8029A00769B09 /* Main.storyboard in Resources */,
			);
			runOnlyForDeploymentPostprocessing = 0;
		};
		A0B8A50520F8029C00769B09 /* Resources */ = {
			isa = PBXResourcesBuildPhase;
			buildActionMask = 2147483647;
			files = (
			);
			runOnlyForDeploymentPostprocessing = 0;
		};
		A0B8A51020F8029C00769B09 /* Resources */ = {
			isa = PBXResourcesBuildPhase;
			buildActionMask = 2147483647;
			files = (
			);
			runOnlyForDeploymentPostprocessing = 0;
		};
/* End PBXResourcesBuildPhase section */

/* Begin PBXShellScriptBuildPhase section */
		294F467FC8E44205FC5CA742 /* [CP] Embed Pods Frameworks */ = {
			isa = PBXShellScriptBuildPhase;
			buildActionMask = 2147483647;
			files = (
			);
			inputPaths = (
				"${SRCROOT}/Pods/Target Support Files/Pods-Grocery List Pro/Pods-Grocery List Pro-frameworks.sh",
				"${BUILT_PRODUCTS_DIR}/GTMSessionFetcher/GTMSessionFetcher.framework",
				"${BUILT_PRODUCTS_DIR}/GoogleToolboxForMac/GoogleToolboxForMac.framework",
				"${BUILT_PRODUCTS_DIR}/leveldb-library/leveldb.framework",
				"${BUILT_PRODUCTS_DIR}/nanopb/nanopb.framework",
			);
			name = "[CP] Embed Pods Frameworks";
			outputPaths = (
				"${TARGET_BUILD_DIR}/${FRAMEWORKS_FOLDER_PATH}/GTMSessionFetcher.framework",
				"${TARGET_BUILD_DIR}/${FRAMEWORKS_FOLDER_PATH}/GoogleToolboxForMac.framework",
				"${TARGET_BUILD_DIR}/${FRAMEWORKS_FOLDER_PATH}/leveldb.framework",
				"${TARGET_BUILD_DIR}/${FRAMEWORKS_FOLDER_PATH}/nanopb.framework",
			);
			runOnlyForDeploymentPostprocessing = 0;
			shellPath = /bin/sh;
			shellScript = "\"${SRCROOT}/Pods/Target Support Files/Pods-Grocery List Pro/Pods-Grocery List Pro-frameworks.sh\"\n";
			showEnvVarsInLog = 0;
		};
		2FA33D34367F4853EF09EC6C /* [CP] Check Pods Manifest.lock */ = {
			isa = PBXShellScriptBuildPhase;
			buildActionMask = 2147483647;
			files = (
			);
			inputPaths = (
				"${PODS_PODFILE_DIR_PATH}/Podfile.lock",
				"${PODS_ROOT}/Manifest.lock",
			);
			name = "[CP] Check Pods Manifest.lock";
			outputPaths = (
				"$(DERIVED_FILE_DIR)/Pods-Grocery List ProUITests-checkManifestLockResult.txt",
			);
			runOnlyForDeploymentPostprocessing = 0;
			shellPath = /bin/sh;
			shellScript = "diff \"${PODS_PODFILE_DIR_PATH}/Podfile.lock\" \"${PODS_ROOT}/Manifest.lock\" > /dev/null\nif [ $? != 0 ] ; then\n    # print error to STDERR\n    echo \"error: The sandbox is not in sync with the Podfile.lock. Run 'pod install' or update your CocoaPods installation.\" >&2\n    exit 1\nfi\n# This output is used by Xcode 'outputs' to avoid re-running this script phase.\necho \"SUCCESS\" > \"${SCRIPT_OUTPUT_FILE_0}\"\n";
			showEnvVarsInLog = 0;
		};
		316D34176F5FDBDFDBAC56BA /* [CP] Check Pods Manifest.lock */ = {
			isa = PBXShellScriptBuildPhase;
			buildActionMask = 2147483647;
			files = (
			);
			inputPaths = (
				"${PODS_PODFILE_DIR_PATH}/Podfile.lock",
				"${PODS_ROOT}/Manifest.lock",
			);
			name = "[CP] Check Pods Manifest.lock";
			outputPaths = (
				"$(DERIVED_FILE_DIR)/Pods-Grocery List ProTests-checkManifestLockResult.txt",
			);
			runOnlyForDeploymentPostprocessing = 0;
			shellPath = /bin/sh;
			shellScript = "diff \"${PODS_PODFILE_DIR_PATH}/Podfile.lock\" \"${PODS_ROOT}/Manifest.lock\" > /dev/null\nif [ $? != 0 ] ; then\n    # print error to STDERR\n    echo \"error: The sandbox is not in sync with the Podfile.lock. Run 'pod install' or update your CocoaPods installation.\" >&2\n    exit 1\nfi\n# This output is used by Xcode 'outputs' to avoid re-running this script phase.\necho \"SUCCESS\" > \"${SCRIPT_OUTPUT_FILE_0}\"\n";
			showEnvVarsInLog = 0;
		};
		5F26D21326F1A310591E73F4 /* [CP] Check Pods Manifest.lock */ = {
			isa = PBXShellScriptBuildPhase;
			buildActionMask = 2147483647;
			files = (
			);
			inputPaths = (
				"${PODS_PODFILE_DIR_PATH}/Podfile.lock",
				"${PODS_ROOT}/Manifest.lock",
			);
			name = "[CP] Check Pods Manifest.lock";
			outputPaths = (
				"$(DERIVED_FILE_DIR)/Pods-Grocery List Pro-checkManifestLockResult.txt",
			);
			runOnlyForDeploymentPostprocessing = 0;
			shellPath = /bin/sh;
			shellScript = "diff \"${PODS_PODFILE_DIR_PATH}/Podfile.lock\" \"${PODS_ROOT}/Manifest.lock\" > /dev/null\nif [ $? != 0 ] ; then\n    # print error to STDERR\n    echo \"error: The sandbox is not in sync with the Podfile.lock. Run 'pod install' or update your CocoaPods installation.\" >&2\n    exit 1\nfi\n# This output is used by Xcode 'outputs' to avoid re-running this script phase.\necho \"SUCCESS\" > \"${SCRIPT_OUTPUT_FILE_0}\"\n";
			showEnvVarsInLog = 0;
		};
/* End PBXShellScriptBuildPhase section */

/* Begin PBXSourcesBuildPhase section */
		A0B8A4EF20F8029A00769B09 /* Sources */ = {
			isa = PBXSourcesBuildPhase;
			buildActionMask = 2147483647;
			files = (
				A0DAF05D20F83B95007E55B8 /* Grocery List.swift in Sources */,
				A0B8A4F720F8029A00769B09 /* AppDelegate.swift in Sources */,
				A0DAF05920F82C03007E55B8 /* GroceryLists-TableViewController.swift in Sources */,
				A0DAF05B20F82CFD007E55B8 /* User.swift in Sources */,
			);
			runOnlyForDeploymentPostprocessing = 0;
		};
		A0B8A50320F8029C00769B09 /* Sources */ = {
			isa = PBXSourcesBuildPhase;
			buildActionMask = 2147483647;
			files = (
				A0B8A50C20F8029C00769B09 /* Grocery_List_ProTests.swift in Sources */,
			);
			runOnlyForDeploymentPostprocessing = 0;
		};
		A0B8A50E20F8029C00769B09 /* Sources */ = {
			isa = PBXSourcesBuildPhase;
			buildActionMask = 2147483647;
			files = (
				A0B8A51720F8029C00769B09 /* Grocery_List_ProUITests.swift in Sources */,
			);
			runOnlyForDeploymentPostprocessing = 0;
		};
/* End PBXSourcesBuildPhase section */

/* Begin PBXTargetDependency section */
		A0B8A50920F8029C00769B09 /* PBXTargetDependency */ = {
			isa = PBXTargetDependency;
			target = A0B8A4F220F8029A00769B09 /* Grocery List Pro */;
			targetProxy = A0B8A50820F8029C00769B09 /* PBXContainerItemProxy */;
		};
		A0B8A51420F8029C00769B09 /* PBXTargetDependency */ = {
			isa = PBXTargetDependency;
			target = A0B8A4F220F8029A00769B09 /* Grocery List Pro */;
			targetProxy = A0B8A51320F8029C00769B09 /* PBXContainerItemProxy */;
		};
/* End PBXTargetDependency section */

/* Begin PBXVariantGroup section */
		A0B8A4FA20F8029A00769B09 /* Main.storyboard */ = {
			isa = PBXVariantGroup;
			children = (
				A0B8A4FB20F8029A00769B09 /* Base */,
			);
			name = Main.storyboard;
			sourceTree = "<group>";
		};
		A0B8A4FF20F8029C00769B09 /* LaunchScreen.storyboard */ = {
			isa = PBXVariantGroup;
			children = (
				A0B8A50020F8029C00769B09 /* Base */,
			);
			name = LaunchScreen.storyboard;
			sourceTree = "<group>";
		};
/* End PBXVariantGroup section */

/* Begin XCBuildConfiguration section */
		A0B8A51920F8029C00769B09 /* Debug */ = {
			isa = XCBuildConfiguration;
			buildSettings = {
				ALWAYS_SEARCH_USER_PATHS = NO;
				CLANG_ANALYZER_NONNULL = YES;
				CLANG_ANALYZER_NUMBER_OBJECT_CONVERSION = YES_AGGRESSIVE;
				CLANG_CXX_LANGUAGE_STANDARD = "gnu++14";
				CLANG_CXX_LIBRARY = "libc++";
				CLANG_ENABLE_MODULES = YES;
				CLANG_ENABLE_OBJC_ARC = YES;
				CLANG_ENABLE_OBJC_WEAK = YES;
				CLANG_WARN_BLOCK_CAPTURE_AUTORELEASING = YES;
				CLANG_WARN_BOOL_CONVERSION = YES;
				CLANG_WARN_COMMA = YES;
				CLANG_WARN_CONSTANT_CONVERSION = YES;
				CLANG_WARN_DEPRECATED_OBJC_IMPLEMENTATIONS = YES;
				CLANG_WARN_DIRECT_OBJC_ISA_USAGE = YES_ERROR;
				CLANG_WARN_DOCUMENTATION_COMMENTS = YES;
				CLANG_WARN_EMPTY_BODY = YES;
				CLANG_WARN_ENUM_CONVERSION = YES;
				CLANG_WARN_INFINITE_RECURSION = YES;
				CLANG_WARN_INT_CONVERSION = YES;
				CLANG_WARN_NON_LITERAL_NULL_CONVERSION = YES;
				CLANG_WARN_OBJC_IMPLICIT_RETAIN_SELF = YES;
				CLANG_WARN_OBJC_LITERAL_CONVERSION = YES;
				CLANG_WARN_OBJC_ROOT_CLASS = YES_ERROR;
				CLANG_WARN_RANGE_LOOP_ANALYSIS = YES;
				CLANG_WARN_STRICT_PROTOTYPES = YES;
				CLANG_WARN_SUSPICIOUS_MOVE = YES;
				CLANG_WARN_UNGUARDED_AVAILABILITY = YES_AGGRESSIVE;
				CLANG_WARN_UNREACHABLE_CODE = YES;
				CLANG_WARN__DUPLICATE_METHOD_MATCH = YES;
				CODE_SIGN_IDENTITY = "iPhone Developer";
				COPY_PHASE_STRIP = NO;
				DEBUG_INFORMATION_FORMAT = dwarf;
				ENABLE_STRICT_OBJC_MSGSEND = YES;
				ENABLE_TESTABILITY = YES;
				GCC_C_LANGUAGE_STANDARD = gnu11;
				GCC_DYNAMIC_NO_PIC = NO;
				GCC_NO_COMMON_BLOCKS = YES;
				GCC_OPTIMIZATION_LEVEL = 0;
				GCC_PREPROCESSOR_DEFINITIONS = (
					"DEBUG=1",
					"$(inherited)",
				);
				GCC_WARN_64_TO_32_BIT_CONVERSION = YES;
				GCC_WARN_ABOUT_RETURN_TYPE = YES_ERROR;
				GCC_WARN_UNDECLARED_SELECTOR = YES;
				GCC_WARN_UNINITIALIZED_AUTOS = YES_AGGRESSIVE;
				GCC_WARN_UNUSED_FUNCTION = YES;
				GCC_WARN_UNUSED_VARIABLE = YES;
				IPHONEOS_DEPLOYMENT_TARGET = 11.4;
				MTL_ENABLE_DEBUG_INFO = YES;
				ONLY_ACTIVE_ARCH = YES;
				SDKROOT = iphoneos;
				SWIFT_ACTIVE_COMPILATION_CONDITIONS = DEBUG;
				SWIFT_OPTIMIZATION_LEVEL = "-Onone";
			};
			name = Debug;
		};
		A0B8A51A20F8029C00769B09 /* Release */ = {
			isa = XCBuildConfiguration;
			buildSettings = {
				ALWAYS_SEARCH_USER_PATHS = NO;
				CLANG_ANALYZER_NONNULL = YES;
				CLANG_ANALYZER_NUMBER_OBJECT_CONVERSION = YES_AGGRESSIVE;
				CLANG_CXX_LANGUAGE_STANDARD = "gnu++14";
				CLANG_CXX_LIBRARY = "libc++";
				CLANG_ENABLE_MODULES = YES;
				CLANG_ENABLE_OBJC_ARC = YES;
				CLANG_ENABLE_OBJC_WEAK = YES;
				CLANG_WARN_BLOCK_CAPTURE_AUTORELEASING = YES;
				CLANG_WARN_BOOL_CONVERSION = YES;
				CLANG_WARN_COMMA = YES;
				CLANG_WARN_CONSTANT_CONVERSION = YES;
				CLANG_WARN_DEPRECATED_OBJC_IMPLEMENTATIONS = YES;
				CLANG_WARN_DIRECT_OBJC_ISA_USAGE = YES_ERROR;
				CLANG_WARN_DOCUMENTATION_COMMENTS = YES;
				CLANG_WARN_EMPTY_BODY = YES;
				CLANG_WARN_ENUM_CONVERSION = YES;
				CLANG_WARN_INFINITE_RECURSION = YES;
				CLANG_WARN_INT_CONVERSION = YES;
				CLANG_WARN_NON_LITERAL_NULL_CONVERSION = YES;
				CLANG_WARN_OBJC_IMPLICIT_RETAIN_SELF = YES;
				CLANG_WARN_OBJC_LITERAL_CONVERSION = YES;
				CLANG_WARN_OBJC_ROOT_CLASS = YES_ERROR;
				CLANG_WARN_RANGE_LOOP_ANALYSIS = YES;
				CLANG_WARN_STRICT_PROTOTYPES = YES;
				CLANG_WARN_SUSPICIOUS_MOVE = YES;
				CLANG_WARN_UNGUARDED_AVAILABILITY = YES_AGGRESSIVE;
				CLANG_WARN_UNREACHABLE_CODE = YES;
				CLANG_WARN__DUPLICATE_METHOD_MATCH = YES;
				CODE_SIGN_IDENTITY = "iPhone Developer";
				COPY_PHASE_STRIP = NO;
				DEBUG_INFORMATION_FORMAT = "dwarf-with-dsym";
				ENABLE_NS_ASSERTIONS = NO;
				ENABLE_STRICT_OBJC_MSGSEND = YES;
				GCC_C_LANGUAGE_STANDARD = gnu11;
				GCC_NO_COMMON_BLOCKS = YES;
				GCC_WARN_64_TO_32_BIT_CONVERSION = YES;
				GCC_WARN_ABOUT_RETURN_TYPE = YES_ERROR;
				GCC_WARN_UNDECLARED_SELECTOR = YES;
				GCC_WARN_UNINITIALIZED_AUTOS = YES_AGGRESSIVE;
				GCC_WARN_UNUSED_FUNCTION = YES;
				GCC_WARN_UNUSED_VARIABLE = YES;
				IPHONEOS_DEPLOYMENT_TARGET = 11.4;
				MTL_ENABLE_DEBUG_INFO = NO;
				SDKROOT = iphoneos;
				SWIFT_COMPILATION_MODE = wholemodule;
				SWIFT_OPTIMIZATION_LEVEL = "-O";
				VALIDATE_PRODUCT = YES;
			};
			name = Release;
		};
		A0B8A51C20F8029C00769B09 /* Debug */ = {
			isa = XCBuildConfiguration;
			baseConfigurationReference = 9517525BF99FD1DEDCEF1ABB /* Pods-Grocery List Pro.debug.xcconfig */;
			buildSettings = {
				ASSETCATALOG_COMPILER_APPICON_NAME = AppIcon;
				CODE_SIGN_STYLE = Automatic;
				DEVELOPMENT_TEAM = M9D5379H93;
				INFOPLIST_FILE = "Grocery List Pro/Info.plist";
				LD_RUNPATH_SEARCH_PATHS = (
					"$(inherited)",
					"@executable_path/Frameworks",
				);
				PRODUCT_BUNDLE_IDENTIFIER = "com.onpointech.Grocery-List-Pro";
				PRODUCT_NAME = "$(TARGET_NAME)";
				SWIFT_VERSION = 4.0;
				TARGETED_DEVICE_FAMILY = "1,2";
			};
			name = Debug;
		};
		A0B8A51D20F8029C00769B09 /* Release */ = {
			isa = XCBuildConfiguration;
			baseConfigurationReference = 716F9A2DDFDAF96D6EF8F667 /* Pods-Grocery List Pro.release.xcconfig */;
			buildSettings = {
				ASSETCATALOG_COMPILER_APPICON_NAME = AppIcon;
				CODE_SIGN_STYLE = Automatic;
				DEVELOPMENT_TEAM = M9D5379H93;
				INFOPLIST_FILE = "Grocery List Pro/Info.plist";
				LD_RUNPATH_SEARCH_PATHS = (
					"$(inherited)",
					"@executable_path/Frameworks",
				);
				PRODUCT_BUNDLE_IDENTIFIER = "com.onpointech.Grocery-List-Pro";
				PRODUCT_NAME = "$(TARGET_NAME)";
				SWIFT_VERSION = 4.0;
				TARGETED_DEVICE_FAMILY = "1,2";
			};
			name = Release;
		};
		A0B8A51F20F8029C00769B09 /* Debug */ = {
			isa = XCBuildConfiguration;
			baseConfigurationReference = C93852A885E183C22BA46387 /* Pods-Grocery List ProTests.debug.xcconfig */;
			buildSettings = {
				ALWAYS_EMBED_SWIFT_STANDARD_LIBRARIES = YES;
				BUNDLE_LOADER = "$(TEST_HOST)";
				CODE_SIGN_STYLE = Automatic;
				DEVELOPMENT_TEAM = M9D5379H93;
				INFOPLIST_FILE = "Grocery List ProTests/Info.plist";
				LD_RUNPATH_SEARCH_PATHS = (
					"$(inherited)",
					"@executable_path/Frameworks",
					"@loader_path/Frameworks",
				);
				PRODUCT_BUNDLE_IDENTIFIER = "com.onpointech.Grocery-List-ProTests";
				PRODUCT_NAME = "$(TARGET_NAME)";
				SWIFT_VERSION = 4.0;
				TARGETED_DEVICE_FAMILY = "1,2";
				TEST_HOST = "$(BUILT_PRODUCTS_DIR)/Grocery List Pro.app/Grocery List Pro";
			};
			name = Debug;
		};
		A0B8A52020F8029C00769B09 /* Release */ = {
			isa = XCBuildConfiguration;
			baseConfigurationReference = 68405DE47A21A906D4C5C8B2 /* Pods-Grocery List ProTests.release.xcconfig */;
			buildSettings = {
				ALWAYS_EMBED_SWIFT_STANDARD_LIBRARIES = YES;
				BUNDLE_LOADER = "$(TEST_HOST)";
				CODE_SIGN_STYLE = Automatic;
				DEVELOPMENT_TEAM = M9D5379H93;
				INFOPLIST_FILE = "Grocery List ProTests/Info.plist";
				LD_RUNPATH_SEARCH_PATHS = (
					"$(inherited)",
					"@executable_path/Frameworks",
					"@loader_path/Frameworks",
				);
				PRODUCT_BUNDLE_IDENTIFIER = "com.onpointech.Grocery-List-ProTests";
				PRODUCT_NAME = "$(TARGET_NAME)";
				SWIFT_VERSION = 4.0;
				TARGETED_DEVICE_FAMILY = "1,2";
				TEST_HOST = "$(BUILT_PRODUCTS_DIR)/Grocery List Pro.app/Grocery List Pro";
			};
			name = Release;
		};
		A0B8A52220F8029C00769B09 /* Debug */ = {
			isa = XCBuildConfiguration;
			baseConfigurationReference = FA0511CC27F8F79906823E84 /* Pods-Grocery List ProUITests.debug.xcconfig */;
			buildSettings = {
				ALWAYS_EMBED_SWIFT_STANDARD_LIBRARIES = YES;
				CODE_SIGN_STYLE = Automatic;
				DEVELOPMENT_TEAM = M9D5379H93;
				INFOPLIST_FILE = "Grocery List ProUITests/Info.plist";
				LD_RUNPATH_SEARCH_PATHS = (
					"$(inherited)",
					"@executable_path/Frameworks",
					"@loader_path/Frameworks",
				);
				PRODUCT_BUNDLE_IDENTIFIER = "com.onpointech.Grocery-List-ProUITests";
				PRODUCT_NAME = "$(TARGET_NAME)";
				SWIFT_VERSION = 4.0;
				TARGETED_DEVICE_FAMILY = "1,2";
				TEST_TARGET_NAME = "Grocery List Pro";
			};
			name = Debug;
		};
		A0B8A52320F8029C00769B09 /* Release */ = {
			isa = XCBuildConfiguration;
			baseConfigurationReference = 0DB79328C70C03632B2DE82E /* Pods-Grocery List ProUITests.release.xcconfig */;
			buildSettings = {
				ALWAYS_EMBED_SWIFT_STANDARD_LIBRARIES = YES;
				CODE_SIGN_STYLE = Automatic;
				DEVELOPMENT_TEAM = M9D5379H93;
				INFOPLIST_FILE = "Grocery List ProUITests/Info.plist";
				LD_RUNPATH_SEARCH_PATHS = (
					"$(inherited)",
					"@executable_path/Frameworks",
					"@loader_path/Frameworks",
				);
				PRODUCT_BUNDLE_IDENTIFIER = "com.onpointech.Grocery-List-ProUITests";
				PRODUCT_NAME = "$(TARGET_NAME)";
				SWIFT_VERSION = 4.0;
				TARGETED_DEVICE_FAMILY = "1,2";
				TEST_TARGET_NAME = "Grocery List Pro";
			};
			name = Release;
		};
/* End XCBuildConfiguration section */

/* Begin XCConfigurationList section */
		A0B8A4EE20F8029A00769B09 /* Build configuration list for PBXProject "Grocery List Pro" */ = {
			isa = XCConfigurationList;
			buildConfigurations = (
				A0B8A51920F8029C00769B09 /* Debug */,
				A0B8A51A20F8029C00769B09 /* Release */,
			);
			defaultConfigurationIsVisible = 0;
			defaultConfigurationName = Release;
		};
		A0B8A51B20F8029C00769B09 /* Build configuration list for PBXNativeTarget "Grocery List Pro" */ = {
			isa = XCConfigurationList;
			buildConfigurations = (
				A0B8A51C20F8029C00769B09 /* Debug */,
				A0B8A51D20F8029C00769B09 /* Release */,
			);
			defaultConfigurationIsVisible = 0;
			defaultConfigurationName = Release;
		};
		A0B8A51E20F8029C00769B09 /* Build configuration list for PBXNativeTarget "Grocery List ProTests" */ = {
			isa = XCConfigurationList;
			buildConfigurations = (
				A0B8A51F20F8029C00769B09 /* Debug */,
				A0B8A52020F8029C00769B09 /* Release */,
			);
			defaultConfigurationIsVisible = 0;
			defaultConfigurationName = Release;
		};
		A0B8A52120F8029C00769B09 /* Build configuration list for PBXNativeTarget "Grocery List ProUITests" */ = {
			isa = XCConfigurationList;
			buildConfigurations = (
				A0B8A52220F8029C00769B09 /* Debug */,
				A0B8A52320F8029C00769B09 /* Release */,
			);
			defaultConfigurationIsVisible = 0;
			defaultConfigurationName = Release;
		};
/* End XCConfigurationList section */
	};
	rootObject = A0B8A4EB20F8029A00769B09 /* Project object */;
}
